<?xml version="1.0" encoding="utf-8"?>
<Project ToolsVersion="4.0" xmlns="http://schemas.microsoft.com/developer/msbuild/2003">
  <ItemGroup>
    <Filter Include="Файлы ресурсов">
      <UniqueIdentifier>{67DA6AB6-F800-4c08-8B7A-83BB121AAD01}</UniqueIdentifier>
      <Extensions>rc;ico;cur;bmp;dlg;rc2;rct;bin;rgs;gif;jpg;jpeg;jpe;resx;tiff;tif;png;wav;mfcribbon-ms</Extensions>
    </Filter>
    <Filter Include="Shaders">
      <UniqueIdentifier>{adc74ace-129e-484f-a3da-00db82b93734}</UniqueIdentifier>
    </Filter>
    <Filter Include="Source">
      <UniqueIdentifier>{4FC737F1-C7A5-4376-A066-2A32D752A2FF}</UniqueIdentifier>
      <Extensions>cpp;c;cc;cxx;c++;cppm;ixx;def;odl;idl;hpj;bat;asm;asmx</Extensions>
    </Filter>
    <Filter Include="Source\Window">
      <UniqueIdentifier>{f39543b7-18c9-4d84-8df9-995967660352}</UniqueIdentifier>
    </Filter>
    <Filter Include="Source\Graphics">
      <UniqueIdentifier>{bae971b7-5ffe-49c7-a53c-f4da36a3664e}</UniqueIdentifier>
    </Filter>
    <Filter Include="Source\Game">
      <UniqueIdentifier>{d52c6e27-6d1b-415d-aae7-64034b5dfbd9}</UniqueIdentifier>
    </Filter>
    <Filter Include="Source\Utils">
      <UniqueIdentifier>{cf6ec560-4683-4323-ab7f-5ab7b72d82b0}</UniqueIdentifier>
    </Filter>
  </ItemGroup>
  <ItemGroup>
    <ClCompile Include="include\glad.c">
      <Filter>Source</Filter>
    </ClCompile>
    <ClCompile Include="src\main.cpp">
      <Filter>Source</Filter>
    </ClCompile>
    <ClCompile Include="src\window\window.cpp">
      <Filter>Source\Window</Filter>
    </ClCompile>
    <ClCompile Include="src\graphics\mesh.cpp">
      <Filter>Source\Graphics</Filter>
    </ClCompile>
    <ClCompile Include="src\utils\stb_image.cpp">
      <Filter>Source\Utils</Filter>
    </ClCompile>
    <ClCompile Include="src\graphics\shader.cpp">
      <Filter>Source\Graphics</Filter>
    </ClCompile>
    <ClCompile Include="src\game\chunk.cpp">
      <Filter>Source\Game</Filter>
    </ClCompile>
    <ClCompile Include="src\graphics\render.cpp">
      <Filter>Source\Graphics</Filter>
    </ClCompile>
    <ClCompile Include="src\graphics\camera.cpp">
      <Filter>Source\Graphics</Filter>
    </ClCompile>
    <ClCompile Include="src\window\input.cpp">
      <Filter>Source\Window</Filter>
    </ClCompile>
    <ClCompile Include="src\window\time.cpp">
      <Filter>Source\Window</Filter>
    </ClCompile>
    <ClCompile Include="src\graphics\texture.cpp">
      <Filter>Source\Graphics</Filter>
    </ClCompile>
    <ClCompile Include="src\game\world.cpp">
      <Filter>Source\Game</Filter>
    </ClCompile>
    <ClCompile Include="src\game\player.cpp">
      <Filter>Source\Game</Filter>
    </ClCompile>
    <ClCompile Include="src\game\block.cpp">
      <Filter>Source\Game</Filter>
    </ClCompile>
  </ItemGroup>
  <ItemGroup>
    <None Include="config.json">
      <Filter>Файлы ресурсов</Filter>
    </None>
    <None Include="shaders\vert.vert">
      <Filter>Shaders</Filter>
    </None>
    <None Include="shaders\frag.frag">
      <Filter>Shaders</Filter>
    </None>
  </ItemGroup>
  <ItemGroup>
    <ClInclude Include="src\window\window.hpp">
      <Filter>Source\Window</Filter>
    </ClInclude>
    <ClInclude Include="src\graphics\mesh.hpp">
      <Filter>Source\Graphics</Filter>
    </ClInclude>
    <ClInclude Include="src\graphics\shader.hpp">
      <Filter>Source\Graphics</Filter>
    </ClInclude>
    <ClInclude Include="src\graphics\render.hpp">
      <Filter>Source\Graphics</Filter>
    </ClInclude>
    <ClInclude Include="src\game\chunk.hpp">
      <Filter>Source\Game</Filter>
    </ClInclude>
    <ClInclude Include="src\game\world.hpp">
      <Filter>Source\Game</Filter>
    </ClInclude>
    <ClInclude Include="src\graphics\camera.hpp">
      <Filter>Source\Graphics</Filter>
    </ClInclude>
    <ClInclude Include="src\window\input.hpp">
      <Filter>Source\Window</Filter>
    </ClInclude>
    <ClInclude Include="src\window\time.hpp">
      <Filter>Source\Window</Filter>
    </ClInclude>
    <ClInclude Include="src\graphics\texture.hpp">
      <Filter>Source\Graphics</Filter>
    </ClInclude>
    <ClInclude Include="src\game\player.hpp">
      <Filter>Source\Game</Filter>
    </ClInclude>
    <ClInclude Include="src\utils\perlinNoise.hpp">
      <Filter>Source\Utils</Filter>
    </ClInclude>
    <ClInclude Include="src\game\block.hpp">
      <Filter>Source\Game</Filter>
    </ClInclude>
    <ClInclude Include="src\utils\raycast.hpp">
      <Filter>Source\Utils</Filter>
    </ClInclude>
  </ItemGroup>
</Project>