<?xml version="1.0" encoding="utf-8"?>
<Project ToolsVersion="4.0" xmlns="http://schemas.microsoft.com/developer/msbuild/2003">
  <ItemGroup>
    <Filter Include="Файлы ресурсов">
      <UniqueIdentifier>{67DA6AB6-F800-4c08-8B7A-83BB121AAD01}</UniqueIdentifier>
      <Extensions>rc;ico;cur;bmp;dlg;rc2;rct;bin;rgs;gif;jpg;jpeg;jpe;resx;tiff;tif;png;wav;mfcribbon-ms</Extensions>
    </Filter>
    <Filter Include="Shaders">
      <UniqueIdentifier>{adc74ace-129e-484f-a3da-00db82b93734}</UniqueIdentifier>
    </Filter>
    <Filter Include="Source">
      <UniqueIdentifier>{4FC737F1-C7A5-4376-A066-2A32D752A2FF}</UniqueIdentifier>
      <Extensions>cpp;c;cc;cxx;c++;cppm;ixx;def;odl;idl;hpj;bat;asm;asmx</Extensions>
    </Filter>
    <Filter Include="Source\Window">
      <UniqueIdentifier>{f39543b7-18c9-4d84-8df9-995967660352}</UniqueIdentifier>
    </Filter>
    <Filter Include="Source\Graphics">
      <UniqueIdentifier>{bae971b7-5ffe-49c7-a53c-f4da36a3664e}</UniqueIdentifier>
    </Filter>
    <Filter Include="Source\Utils">
      <UniqueIdentifier>{cf6ec560-4683-4323-ab7f-5ab7b72d82b0}</UniqueIdentifier>
    </Filter>
    <Filter Include="Source\Graphics\GUI">
      <UniqueIdentifier>{7ffbccba-baf4-4c5a-8c27-c7610b31e5b4}</UniqueIdentifier>
    </Filter>
    <Filter Include="Source\Graphics\Render">
      <UniqueIdentifier>{63928a48-7ec2-4304-a61b-27d1d64d501f}</UniqueIdentifier>
    </Filter>
    <Filter Include="Source\Input">
      <UniqueIdentifier>{994147eb-3d42-4e85-a7d7-1ea4524d4fea}</UniqueIdentifier>
    </Filter>
    <Filter Include="Source\States">
      <UniqueIdentifier>{041a5d07-f363-458a-86a5-8dd0087cb6a0}</UniqueIdentifier>
    </Filter>
    <Filter Include="Source\World">
      <UniqueIdentifier>{d52c6e27-6d1b-415d-aae7-64034b5dfbd9}</UniqueIdentifier>
    </Filter>
    <Filter Include="Source\World\Generation">
      <UniqueIdentifier>{c74546a5-4347-4239-8a59-90a4364c5aca}</UniqueIdentifier>
    </Filter>
    <Filter Include="Source\OpenGL">
      <UniqueIdentifier>{fae6e17a-2859-4862-931e-da4944f9e571}</UniqueIdentifier>
    </Filter>
  </ItemGroup>
  <ItemGroup>
    <ClCompile Include="include\glad.c">
      <Filter>Source</Filter>
    </ClCompile>
    <ClCompile Include="src\main.cpp">
      <Filter>Source</Filter>
    </ClCompile>
    <ClCompile Include="src\window\window.cpp">
      <Filter>Source\Window</Filter>
    </ClCompile>
    <ClCompile Include="src\graphics\mesh.cpp">
      <Filter>Source\Graphics</Filter>
    </ClCompile>
    <ClCompile Include="src\utils\stb_image.cpp">
      <Filter>Source\Utils</Filter>
    </ClCompile>
    <ClCompile Include="src\graphics\shader.cpp">
      <Filter>Source\Graphics</Filter>
    </ClCompile>
    <ClCompile Include="src\graphics\camera.cpp">
      <Filter>Source\Graphics</Filter>
    </ClCompile>
    <ClCompile Include="src\window\time.cpp">
      <Filter>Source\Window</Filter>
    </ClCompile>
    <ClCompile Include="src\graphics\texture.cpp">
      <Filter>Source\Graphics</Filter>
    </ClCompile>
    <ClCompile Include="src\input\input.cpp">
      <Filter>Source\Input</Filter>
    </ClCompile>
    <ClCompile Include="src\states\stateManager.cpp">
      <Filter>Source\States</Filter>
    </ClCompile>
    <ClCompile Include="src\world\block.cpp">
      <Filter>Source\World</Filter>
    </ClCompile>
    <ClCompile Include="src\world\chunk.cpp">
      <Filter>Source\World</Filter>
    </ClCompile>
    <ClCompile Include="src\world\world.cpp">
      <Filter>Source\World</Filter>
    </ClCompile>
    <ClCompile Include="src\graphics\render\render.cpp">
      <Filter>Source\Graphics\Render</Filter>
    </ClCompile>
    <ClCompile Include="src\graphics\gui\sprite.cpp">
      <Filter>Source\Graphics\GUI</Filter>
    </ClCompile>
    <ClCompile Include="src\opengl\opengl.cpp">
      <Filter>Source\OpenGL</Filter>
    </ClCompile>
    <ClCompile Include="src\utils\buffer.cpp">
      <Filter>Source\Utils</Filter>
    </ClCompile>
  </ItemGroup>
  <ItemGroup>
    <None Include="config.json">
      <Filter>Файлы ресурсов</Filter>
    </None>
    <None Include="content\shaders\gui.frag">
      <Filter>Shaders</Filter>
    </None>
    <None Include="content\shaders\gui.vert">
      <Filter>Shaders</Filter>
    </None>
    <None Include="content\shaders\frag.frag">
      <Filter>Shaders</Filter>
    </None>
    <None Include="content\shaders\vert.vert">
      <Filter>Shaders</Filter>
    </None>
  </ItemGroup>
  <ItemGroup>
    <ClInclude Include="src\window\window.hpp">
      <Filter>Source\Window</Filter>
    </ClInclude>
    <ClInclude Include="src\graphics\mesh.hpp">
      <Filter>Source\Graphics</Filter>
    </ClInclude>
    <ClInclude Include="src\graphics\shader.hpp">
      <Filter>Source\Graphics</Filter>
    </ClInclude>
    <ClInclude Include="src\graphics\camera.hpp">
      <Filter>Source\Graphics</Filter>
    </ClInclude>
    <ClInclude Include="src\window\time.hpp">
      <Filter>Source\Window</Filter>
    </ClInclude>
    <ClInclude Include="src\graphics\texture.hpp">
      <Filter>Source\Graphics</Filter>
    </ClInclude>
    <ClInclude Include="src\utils\perlinNoise.hpp">
      <Filter>Source\Utils</Filter>
    </ClInclude>
    <ClInclude Include="src\input\input.hpp">
      <Filter>Source\Input</Filter>
    </ClInclude>
    <ClInclude Include="src\states\stateManager.hpp">
      <Filter>Source\States</Filter>
    </ClInclude>
    <ClInclude Include="src\world\block.hpp">
      <Filter>Source\World</Filter>
    </ClInclude>
    <ClInclude Include="src\world\chunk.hpp">
      <Filter>Source\World</Filter>
    </ClInclude>
    <ClInclude Include="src\world\world.hpp">
      <Filter>Source\World</Filter>
    </ClInclude>
    <ClInclude Include="src\graphics\render\render.hpp">
      <Filter>Source\Graphics\Render</Filter>
    </ClInclude>
    <ClInclude Include="src\states\state.hpp">
      <Filter>Source\States</Filter>
    </ClInclude>
    <ClInclude Include="src\graphics\gui\sprite.hpp">
      <Filter>Source\Graphics\GUI</Filter>
    </ClInclude>
    <ClInclude Include="src\opengl\gl.hpp">
      <Filter>Source\OpenGL</Filter>
    </ClInclude>
    <ClInclude Include="src\utils\buffer.hpp">
      <Filter>Source\Utils</Filter>
    </ClInclude>
  </ItemGroup>
</Project>